// !$*UTF8*$!
{
	archiveVersion = 1;
	classes = {
	};
	objectVersion = 46;
	objects = {

/* Begin PBXBuildFile section */
		6CBDB89D1D65BBD7007D7CB0 /* AppDelegate.swift in Sources */ = {isa = PBXBuildFile; fileRef = 6CBDB89C1D65BBD7007D7CB0 /* AppDelegate.swift */; };
		6CBDB89F1D65BBD7007D7CB0 /* ViewController.swift in Sources */ = {isa = PBXBuildFile; fileRef = 6CBDB89E1D65BBD7007D7CB0 /* ViewController.swift */; };
		6CBDB8A21D65BBD7007D7CB0 /* Main.storyboard in Resources */ = {isa = PBXBuildFile; fileRef = 6CBDB8A01D65BBD7007D7CB0 /* Main.storyboard */; };
		6CBDB8A41D65BBD7007D7CB0 /* Assets.xcassets in Resources */ = {isa = PBXBuildFile; fileRef = 6CBDB8A31D65BBD7007D7CB0 /* Assets.xcassets */; };
		6CBDB8A71D65BBD7007D7CB0 /* LaunchScreen.storyboard in Resources */ = {isa = PBXBuildFile; fileRef = 6CBDB8A51D65BBD7007D7CB0 /* LaunchScreen.storyboard */; };
/* End PBXBuildFile section */

/* Begin PBXFileReference section */
		6CBDB8991D65BBD7007D7CB0 /* Dictionary.app */ = {isa = PBXFileReference; explicitFileType = wrapper.application; includeInIndex = 0; path = Dictionary.app; sourceTree = BUILT_PRODUCTS_DIR; };
		6CBDB89C1D65BBD7007D7CB0 /* AppDelegate.swift */ = {isa = PBXFileReference; lastKnownFileType = sourcecode.swift; path = AppDelegate.swift; sourceTree = "<group>"; };
		6CBDB89E1D65BBD7007D7CB0 /* ViewController.swift */ = {isa = PBXFileReference; lastKnownFileType = sourcecode.swift; path = ViewController.swift; sourceTree = "<group>"; };
		6CBDB8A11D65BBD7007D7CB0 /* Base */ = {isa = PBXFileReference; lastKnownFileType = file.storyboard; name = Base; path = Base.lproj/Main.storyboard; sourceTree = "<group>"; };
		6CBDB8A31D65BBD7007D7CB0 /* Assets.xcassets */ = {isa = PBXFileReference; lastKnownFileType = folder.assetcatalog; path = Assets.xcassets; sourceTree = "<group>"; };
		6CBDB8A61D65BBD7007D7CB0 /* Base */ = {isa = PBXFileReference; lastKnownFileType = file.storyboard; name = Base; path = Base.lproj/LaunchScreen.storyboard; sourceTree = "<group>"; };
		6CBDB8A81D65BBD7007D7CB0 /* Info.plist */ = {isa = PBXFileReference; lastKnownFileType = text.plist.xml; path = Info.plist; sourceTree = "<group>"; };
/* End PBXFileReference section */

/* Begin PBXFrameworksBuildPhase section */
		6CBDB8961D65BBD7007D7CB0 /* Frameworks */ = {
			isa = PBXFrameworksBuildPhase;
			buildActionMask = 2147483647;
			files = (
			);
			runOnlyForDeploymentPostprocessing = 0;
		};
/* End PBXFrameworksBuildPhase section */

/* Begin PBXGroup section */
		6CBDB8901D65BBD7007D7CB0 = {
			isa = PBXGroup;
			children = (
				6CBDB89B1D65BBD7007D7CB0 /* Dictionary */,
				6CBDB89A1D65BBD7007D7CB0 /* Products */,
			);
			sourceTree = "<group>";
		};
		6CBDB89A1D65BBD7007D7CB0 /* Products */ = {
			isa = PBXGroup;
			children = (
				6CBDB8991D65BBD7007D7CB0 /* Dictionary.app */,
			);
			name = Products;
			sourceTree = "<group>";
		};
		6CBDB89B1D65BBD7007D7CB0 /* Dictionary */ = {
			isa = PBXGroup;
			children = (
				6CBDB89C1D65BBD7007D7CB0 /* AppDelegate.swift */,
				6CBDB89E1D65BBD7007D7CB0 /* ViewController.swift */,
				6CBDB8A01D65BBD7007D7CB0 /* Main.storyboard */,
				6CBDB8A31D65BBD7007D7CB0 /* Assets.xcassets */,
				6CBDB8A51D65BBD7007D7CB0 /* LaunchScreen.storyboard */,
				6CBDB8A81D65BBD7007D7CB0 /* Info.plist */,
			);
			path = Dictionary;
			sourceTree = "<group>";
		};
/* End PBXGroup section */

/* Begin PBXNativeTarget section */
		6CBDB8981D65BBD7007D7CB0 /* Dictionary */ = {
			isa = PBXNativeTarget;
			buildConfigurationList = 6CBDB8AB1D65BBD7007D7CB0 /* Build configuration list for PBXNativeTarget "Dictionary" */;
			buildPhases = (
				6CBDB8951D65BBD7007D7CB0 /* Sources */,
				6CBDB8961D65BBD7007D7CB0 /* Frameworks */,
				6CBDB8971D65BBD7007D7CB0 /* Resources */,
			);
			buildRules = (
			);
			dependencies = (
			);
			name = Dictionary;
			productName = Dictionary;
			productReference = 6CBDB8991D65BBD7007D7CB0 /* Dictionary.app */;
			productType = "com.apple.product-type.application";
		};
/* End PBXNativeTarget section */

/* Begin PBXProject section */
		6CBDB8911D65BBD7007D7CB0 /* Project object */ = {
			isa = PBXProject;
			attributes = {
				LastSwiftUpdateCheck = 0730;
				LastUpgradeCheck = 0730;
				ORGANIZATIONNAME = "Quoc Nguyen";
				TargetAttributes = {
					6CBDB8981D65BBD7007D7CB0 = {
						CreatedOnToolsVersion = 7.3;
					};
				};
			};
			buildConfigurationList = 6CBDB8941D65BBD7007D7CB0 /* Build configuration list for PBXProject "Dictionary" */;
			compatibilityVersion = "Xcode 3.2";
			developmentRegion = English;
			hasScannedForEncodings = 0;
			knownRegions = (
				en,
				Base,
			);
			mainGroup = 6CBDB8901D65BBD7007D7CB0;
			productRefGroup = 6CBDB89A1D65BBD7007D7CB0 /* Products */;
			projectDirPath = "";
			projectRoot = "";
			targets = (
				6CBDB8981D65BBD7007D7CB0 /* Dictionary */,
			);
		};
/* End PBXProject section */

/* Begin PBXResourcesBuildPhase section */
		6CBDB8971D65BBD7007D7CB0 /* Resources */ = {
			isa = PBXResourcesBuildPhase;
			buildActionMask = 2147483647;
			files = (
				6CBDB8A71D65BBD7007D7CB0 /* LaunchScreen.storyboard in Resources */,
				6CBDB8A41D65BBD7007D7CB0 /* Assets.xcassets in Resources */,
				6CBDB8A21D65BBD7007D7CB0 /* Main.storyboard in Resources */,
			);
			runOnlyForDeploymentPostprocessing = 0;
		};
/* End PBXResourcesBuildPhase section */

/* Begin PBXSourcesBuildPhase section */
		6CBDB8951D65BBD7007D7CB0 /* Sources */ = {
			isa = PBXSourcesBuildPhase;
			buildActionMask = 2147483647;
			files = (
				6CBDB89F1D65BBD7007D7CB0 /* ViewController.swift in Sources */,
				6CBDB89D1D65BBD7007D7CB0 /* AppDelegate.swift in Sources */,
			);
			runOnlyForDeploymentPostprocessing = 0;
		};
/* End PBXSourcesBuildPhase section */

/* Begin PBXVariantGroup section */
		6CBDB8A01D65BBD7007D7CB0 /* Main.storyboard */ = {
			isa = PBXVariantGroup;
			children = (
				6CBDB8A11D65BBD7007D7CB0 /* Base */,
			);
			name = Main.storyboard;
			sourceTree = "<group>";
		};
		6CBDB8A51D65BBD7007D7CB0 /* LaunchScreen.storyboard */ = {
			isa = PBXVariantGroup;
			children = (
				6CBDB8A61D65BBD7007D7CB0 /* Base */,
			);
			name = LaunchScreen.storyboard;
			sourceTree = "<group>";
		};
/* End PBXVariantGroup section */

/* Begin XCBuildConfiguration section */
		6CBDB8A91D65BBD7007D7CB0 /* Debug */ = {
			isa = XCBuildConfiguration;
			buildSettings = {
				ALWAYS_SEARCH_USER_PATHS = NO;
				CLANG_ANALYZER_NONNULL = YES;
				CLANG_CXX_LANGUAGE_STANDARD = "gnu++0x";
				CLANG_CXX_LIBRARY = "libc++";
				CLANG_ENABLE_MODULES = YES;
				CLANG_ENABLE_OBJC_ARC = YES;
				CLANG_WARN_BOOL_CONVERSION = YES;
				CLANG_WARN_CONSTANT_CONVERSION = YES;
				CLANG_WARN_DIRECT_OBJC_ISA_USAGE = YES_ERROR;
				CLANG_WARN_EMPTY_BODY = YES;
				CLANG_WARN_ENUM_CONVERSION = YES;
				CLANG_WARN_INT_CONVERSION = YES;
				CLANG_WARN_OBJC_ROOT_CLASS = YES_ERROR;
				CLANG_WARN_UNREACHABLE_CODE = YES;
				CLANG_WARN__DUPLICATE_METHOD_MATCH = YES;
				"CODE_SIGN_IDENTITY[sdk=iphoneos*]" = "iPhone Developer";
				COPY_PHASE_STRIP = NO;
				DEBUG_INFORMATION_FORMAT = dwarf;
				ENABLE_STRICT_OBJC_MSGSEND = YES;
				ENABLE_TESTABILITY = YES;
				GCC_C_LANGUAGE_STANDARD = gnu99;
				GCC_DYNAMIC_NO_PIC = NO;
				GCC_NO_COMMON_BLOCKS = YES;
				GCC_OPTIMIZATION_LEVEL = 0;
				GCC_PREPROCESSOR_DEFINITIONS = (
					"DEBUG=1",
					"$(inherited)",
				);
				GCC_WARN_64_TO_32_BIT_CONVERSION = YES;
				GCC_WARN_ABOUT_RETURN_TYPE = YES_ERROR;
				GCC_WARN_UNDECLARED_SELECTOR = YES;
				GCC_WARN_UNINITIALIZED_AUTOS = YES_AGGRESSIVE;
				GCC_WARN_UNUSED_FUNCTION = YES;
				GCC_WARN_UNUSED_VARIABLE = YES;
				IPHONEOS_DEPLOYMENT_TARGET = 9.3;
				MTL_ENABLE_DEBUG_INFO = YES;
				ONLY_ACTIVE_ARCH = YES;
				SDKROOT = iphoneos;
				SWIFT_OPTIMIZATION_LEVEL = "-Onone";
			};
			name = Debug;
		};
		6CBDB8AA1D65BBD7007D7CB0 /* Release */ = {
			isa = XCBuildConfiguration;
			buildSettings = {
				ALWAYS_SEARCH_USER_PATHS = NO;
				CLANG_ANALYZER_NONNULL = YES;
				CLANG_CXX_LANGUAGE_STANDARD = "gnu++0x";
				CLANG_CXX_LIBRARY = "libc++";
				CLANG_ENABLE_MODULES = YES;
				CLANG_ENABLE_OBJC_ARC = YES;
				CLANG_WARN_BOOL_CONVERSION = YES;
				CLANG_WARN_CONSTANT_CONVERSION = YES;
				CLANG_WARN_DIRECT_OBJC_ISA_USAGE = YES_ERROR;
				CLANG_WARN_EMPTY_BODY = YES;
				CLANG_WARN_ENUM_CONVERSION = YES;
				CLANG_WARN_INT_CONVERSION = YES;
				CLANG_WARN_OBJC_ROOT_CLASS = YES_ERROR;
				CLANG_WARN_UNREACHABLE_CODE = YES;
				CLANG_WARN__DUPLICATE_METHOD_MATCH = YES;
				"CODE_SIGN_IDENTITY[sdk=iphoneos*]" = "iPhone Developer";
				COPY_PHASE_STRIP = NO;
				DEBUG_INFORMATION_FORMAT = "dwarf-with-dsym";
				ENABLE_NS_ASSERTIONS = NO;
				ENABLE_STRICT_OBJC_MSGSEND = YES;
				GCC_C_LANGUAGE_STANDARD = gnu99;
				GCC_NO_COMMON_BLOCKS = YES;
				GCC_WARN_64_TO_32_BIT_CONVERSION = YES;
				GCC_WARN_ABOUT_RETURN_TYPE = YES_ERROR;
				GCC_WARN_UNDECLARED_SELECTOR = YES;
				GCC_WARN_UNINITIALIZED_AUTOS = YES_AGGRESSIVE;
				GCC_WARN_UNUSED_FUNCTION = YES;
				GCC_WARN_UNUSED_VARIABLE = YES;
				IPHONEOS_DEPLOYMENT_TARGET = 9.3;
				MTL_ENABLE_DEBUG_INFO = NO;
				SDKROOT = iphoneos;
				VALIDATE_PRODUCT = YES;
			};
			name = Release;
		};
		6CBDB8AC1D65BBD7007D7CB0 /* Debug */ = {
			isa = XCBuildConfiguration;
			buildSettings = {
				ASSETCATALOG_COMPILER_APPICON_NAME = AppIcon;
				INFOPLIST_FILE = Dictionary/Info.plist;
				LD_RUNPATH_SEARCH_PATHS = "$(inherited) @executable_path/Frameworks";
				PRODUCT_BUNDLE_IDENTIFIER = com.quocnb.Dictionary;
				PRODUCT_NAME = "$(TARGET_NAME)";
			};
			name = Debug;
		};
		6CBDB8AD1D65BBD7007D7CB0 /* Release */ = {
			isa = XCBuildConfiguration;
			buildSettings = {
				ASSETCATALOG_COMPILER_APPICON_NAME = AppIcon;
				INFOPLIST_FILE = Dictionary/Info.plist;
				LD_RUNPATH_SEARCH_PATHS = "$(inherited) @executable_path/Frameworks";
				PRODUCT_BUNDLE_IDENTIFIER = com.quocnb.Dictionary;
				PRODUCT_NAME = "$(TARGET_NAME)";
			};
			name = Release;
		};
/* End XCBuildConfiguration section */

/* Begin XCConfigurationList section */
		6CBDB8941D65BBD7007D7CB0 /* Build configuration list for PBXProject "Dictionary" */ = {
			isa = XCConfigurationList;
			buildConfigurations = (
				6CBDB8A91D65BBD7007D7CB0 /* Debug */,
				6CBDB8AA1D65BBD7007D7CB0 /* Release */,
			);
			defaultConfigurationIsVisible = 0;
			defaultConfigurationName = Release;
		};
		6CBDB8AB1D65BBD7007D7CB0 /* Build configuration list for PBXNativeTarget "Dictionary" */ = {
			isa = XCConfigurationList;
			buildConfigurations = (
				6CBDB8AC1D65BBD7007D7CB0 /* Debug */,
				6CBDB8AD1D65BBD7007D7CB0 /* Release */,
			);
			defaultConfigurationIsVisible = 0;
		};
/* End XCConfigurationList section */
	};
	rootObject = 6CBDB8911D65BBD7007D7CB0 /* Project object */;
}
